
Microsoft Visual Studio Solution File, Format Version 12.00
# Visual Studio 15
VisualStudioVersion = 15.0.27428.2015
MinimumVisualStudioVersion = 10.0.40219.1
Project("{FAE04EC0-301F-11D3-BF4B-00C04F79EFBC}") = "Read_Header_generate_CppCode", "Read_Header_generate_CppCode\Read_Header_generate_CppCode.csproj", "{E81CA909-8D1F-4315-B14D-ACD01BD2C99F}"
EndProject
Global
	GlobalSection(SolutionConfigurationPlatforms) = preSolution
		Debug|Any CPU = Debug|Any CPU
		Release|Any CPU = Release|Any CPU
	EndGlobalSection
	GlobalSection(ProjectConfigurationPlatforms) = postSolution
		{E81CA909-8D1F-4315-B14D-ACD01BD2C99F}.Debug|Any CPU.ActiveCfg = Debug|Any CPU
		{E81CA909-8D1F-4315-B14D-ACD01BD2C99F}.Debug|Any CPU.Build.0 = Debug|Any CPU
		{E81CA909-8D1F-4315-B14D-ACD01BD2C99F}.Release|Any CPU.ActiveCfg = Release|Any CPU
		{E81CA909-8D1F-4315-B14D-ACD01BD2C99F}.Release|Any CPU.Build.0 = Release|Any CPU
	EndGlobalSection
	GlobalSection(SolutionProperties) = preSolution
		HideSolutionNode = FALSE
	EndGlobalSection
	GlobalSection(ExtensibilityGlobals) = postSolution
		SolutionGuid = {313EFF5D-88CF-4A99-ABCB-FBA38E9DEBB4}
	EndGlobalSection
EndGlobal
